
Microsoft Visual Studio Solution File, Format Version 12.00
# Visual Studio Version 17
VisualStudioVersion = 17.14.36705.20 d17.14
MinimumVisualStudioVersion = 10.0.40219.1
Project("{FAE04EC0-301F-11D3-BF4B-00C04F79EFBC}") = "AVEVA_Nexus", "AVEVA_Nexus\AVEVA_Nexus.csproj", "{028D44CF-F44A-4B3E-BE32-A8D8B34FD85E}"
EndProject
Global
	GlobalSection(SolutionConfigurationPlatforms) = preSolution
		Debug|Any CPU = Debug|Any CPU
		Debug|x86 = Debug|x86
		Release|Any CPU = Release|Any CPU
		Release|x86 = Release|x86
	EndGlobalSection
	GlobalSection(ProjectConfigurationPlatforms) = postSolution
		{028D44CF-F44A-4B3E-BE32-A8D8B34FD85E}.Debug|Any CPU.ActiveCfg = Debug|Any CPU
		{028D44CF-F44A-4B3E-BE32-A8D8B34FD85E}.Debug|Any CPU.Build.0 = Debug|Any CPU
		{028D44CF-F44A-4B3E-BE32-A8D8B34FD85E}.Debug|x86.ActiveCfg = Debug|x86
		{028D44CF-F44A-4B3E-BE32-A8D8B34FD85E}.Debug|x86.Build.0 = Debug|x86
		{028D44CF-F44A-4B3E-BE32-A8D8B34FD85E}.Release|Any CPU.ActiveCfg = Release|Any CPU
		{028D44CF-F44A-4B3E-BE32-A8D8B34FD85E}.Release|Any CPU.Build.0 = Release|Any CPU
		{028D44CF-F44A-4B3E-BE32-A8D8B34FD85E}.Release|x86.ActiveCfg = Release|x86
		{028D44CF-F44A-4B3E-BE32-A8D8B34FD85E}.Release|x86.Build.0 = Release|x86
	EndGlobalSection
	GlobalSection(SolutionProperties) = preSolution
		HideSolutionNode = FALSE
	EndGlobalSection
	GlobalSection(ExtensibilityGlobals) = postSolution
		SolutionGuid = {2CE7DFC3-800E-42D6-B779-2E0F379DCF32}
	EndGlobalSection
EndGlobal
